// !$*UTF8*$!
{
	archiveVersion = 1;
	classes = {
	};
	objectVersion = 50;
	objects = {

/* Begin PBXBuildFile section */
		BA9F3370243B8EF3003599BB /* AppDelegate.swift in Sources */ = {isa = PBXBuildFile; fileRef = BA9F336F243B8EF3003599BB /* AppDelegate.swift */; };
		BA9F3372243B8EF3003599BB /* SceneDelegate.swift in Sources */ = {isa = PBXBuildFile; fileRef = BA9F3371243B8EF3003599BB /* SceneDelegate.swift */; };
		BA9F3374243B8EF3003599BB /* ViewController.swift in Sources */ = {isa = PBXBuildFile; fileRef = BA9F3373243B8EF3003599BB /* ViewController.swift */; };
		BA9F3377243B8EF3003599BB /* Main.storyboard in Resources */ = {isa = PBXBuildFile; fileRef = BA9F3375243B8EF3003599BB /* Main.storyboard */; };
		BA9F3379243B8EF5003599BB /* Assets.xcassets in Resources */ = {isa = PBXBuildFile; fileRef = BA9F3378243B8EF5003599BB /* Assets.xcassets */; };
		BA9F337C243B8EF5003599BB /* LaunchScreen.storyboard in Resources */ = {isa = PBXBuildFile; fileRef = BA9F337A243B8EF5003599BB /* LaunchScreen.storyboard */; };
		BA9F3386243B94B5003599BB /* MyStaticLibrary.framework in Frameworks */ = {isa = PBXBuildFile; fileRef = BA9F3384243B8F8D003599BB /* MyStaticLibrary.framework */; };
		BA9F3387243B94B5003599BB /* MyStaticLibrary.framework in Embed Frameworks */ = {isa = PBXBuildFile; fileRef = BA9F3384243B8F8D003599BB /* MyStaticLibrary.framework */; settings = {ATTRIBUTES = (RemoveHeadersOnCopy, ); }; };
/* End PBXBuildFile section */

/* Begin PBXCopyFilesBuildPhase section */
		BA9F3388243B94B5003599BB /* Embed Frameworks */ = {
			isa = PBXCopyFilesBuildPhase;
			buildActionMask = 2147483647;
			dstPath = "";
			dstSubfolderSpec = 10;
			files = (
				BA9F3387243B94B5003599BB /* MyStaticLibrary.framework in Embed Frameworks */,
			);
			name = "Embed Frameworks";
			runOnlyForDeploymentPostprocessing = 0;
		};
/* End PBXCopyFilesBuildPhase section */

/* Begin PBXFileReference section */
		BA9F336C243B8EF3003599BB /* SampleIntegratorProj.app */ = {isa = PBXFileReference; explicitFileType = wrapper.application; includeInIndex = 0; path = SampleIntegratorProj.app; sourceTree = BUILT_PRODUCTS_DIR; };
		BA9F336F243B8EF3003599BB /* AppDelegate.swift */ = {isa = PBXFileReference; lastKnownFileType = sourcecode.swift; path = AppDelegate.swift; sourceTree = "<group>"; };
		BA9F3371243B8EF3003599BB /* SceneDelegate.swift */ = {isa = PBXFileReference; lastKnownFileType = sourcecode.swift; path = SceneDelegate.swift; sourceTree = "<group>"; };
		BA9F3373243B8EF3003599BB /* ViewController.swift */ = {isa = PBXFileReference; lastKnownFileType = sourcecode.swift; path = ViewController.swift; sourceTree = "<group>"; };
		BA9F3376243B8EF3003599BB /* Base */ = {isa = PBXFileReference; lastKnownFileType = file.storyboard; name = Base; path = Base.lproj/Main.storyboard; sourceTree = "<group>"; };
		BA9F3378243B8EF5003599BB /* Assets.xcassets */ = {isa = PBXFileReference; lastKnownFileType = folder.assetcatalog; path = Assets.xcassets; sourceTree = "<group>"; };
		BA9F337B243B8EF5003599BB /* Base */ = {isa = PBXFileReference; lastKnownFileType = file.storyboard; name = Base; path = Base.lproj/LaunchScreen.storyboard; sourceTree = "<group>"; };
		BA9F337D243B8EF5003599BB /* Info.plist */ = {isa = PBXFileReference; lastKnownFileType = text.plist.xml; path = Info.plist; sourceTree = "<group>"; };
		BA9F3384243B8F8D003599BB /* MyStaticLibrary.framework */ = {isa = PBXFileReference; lastKnownFileType = wrapper.framework; path = MyStaticLibrary.framework; sourceTree = "<group>"; };
/* End PBXFileReference section */

/* Begin PBXFrameworksBuildPhase section */
		BA9F3369243B8EF3003599BB /* Frameworks */ = {
			isa = PBXFrameworksBuildPhase;
			buildActionMask = 2147483647;
			files = (
				BA9F3386243B94B5003599BB /* MyStaticLibrary.framework in Frameworks */,
			);
			runOnlyForDeploymentPostprocessing = 0;
		};
/* End PBXFrameworksBuildPhase section */

/* Begin PBXGroup section */
		BA9F3363243B8EF3003599BB = {
			isa = PBXGroup;
			children = (
				BA9F3383243B8EFE003599BB /* Lib */,
				BA9F336E243B8EF3003599BB /* SampleIntegratorProj */,
				BA9F336D243B8EF3003599BB /* Products */,
			);
			sourceTree = "<group>";
		};
		BA9F336D243B8EF3003599BB /* Products */ = {
			isa = PBXGroup;
			children = (
				BA9F336C243B8EF3003599BB /* SampleIntegratorProj.app */,
			);
			name = Products;
			sourceTree = "<group>";
		};
		BA9F336E243B8EF3003599BB /* SampleIntegratorProj */ = {
			isa = PBXGroup;
			children = (
				BA9F336F243B8EF3003599BB /* AppDelegate.swift */,
				BA9F3371243B8EF3003599BB /* SceneDelegate.swift */,
				BA9F3373243B8EF3003599BB /* ViewController.swift */,
				BA9F3375243B8EF3003599BB /* Main.storyboard */,
				BA9F3378243B8EF5003599BB /* Assets.xcassets */,
				BA9F337A243B8EF5003599BB /* LaunchScreen.storyboard */,
				BA9F337D243B8EF5003599BB /* Info.plist */,
			);
			path = SampleIntegratorProj;
			sourceTree = "<group>";
		};
		BA9F3383243B8EFE003599BB /* Lib */ = {
			isa = PBXGroup;
			children = (
				BA9F3384243B8F8D003599BB /* MyStaticLibrary.framework */,
			);
			path = Lib;
			sourceTree = "<group>";
		};
/* End PBXGroup section */

/* Begin PBXNativeTarget section */
		BA9F336B243B8EF3003599BB /* SampleIntegratorProj */ = {
			isa = PBXNativeTarget;
			buildConfigurationList = BA9F3380243B8EF5003599BB /* Build configuration list for PBXNativeTarget "SampleIntegratorProj" */;
			buildPhases = (
				BA9F3368243B8EF3003599BB /* Sources */,
				BA9F3369243B8EF3003599BB /* Frameworks */,
				BA9F336A243B8EF3003599BB /* Resources */,
				BA9F3388243B94B5003599BB /* Embed Frameworks */,
			);
			buildRules = (
			);
			dependencies = (
			);
			name = SampleIntegratorProj;
			productName = SampleIntegratorProj;
			productReference = BA9F336C243B8EF3003599BB /* SampleIntegratorProj.app */;
			productType = "com.apple.product-type.application";
		};
/* End PBXNativeTarget section */

/* Begin PBXProject section */
		BA9F3364243B8EF3003599BB /* Project object */ = {
			isa = PBXProject;
			attributes = {
				LastSwiftUpdateCheck = 1140;
				LastUpgradeCheck = 1140;
				ORGANIZATIONNAME = "Dhanasekarapandian Srinivasan";
				TargetAttributes = {
					BA9F336B243B8EF3003599BB = {
						CreatedOnToolsVersion = 11.4;
					};
				};
			};
			buildConfigurationList = BA9F3367243B8EF3003599BB /* Build configuration list for PBXProject "SampleIntegratorProj" */;
			compatibilityVersion = "Xcode 9.3";
			developmentRegion = en;
			hasScannedForEncodings = 0;
			knownRegions = (
				en,
				Base,
			);
			mainGroup = BA9F3363243B8EF3003599BB;
			productRefGroup = BA9F336D243B8EF3003599BB /* Products */;
			projectDirPath = "";
			projectRoot = "";
			targets = (
				BA9F336B243B8EF3003599BB /* SampleIntegratorProj */,
			);
		};
/* End PBXProject section */

/* Begin PBXResourcesBuildPhase section */
		BA9F336A243B8EF3003599BB /* Resources */ = {
			isa = PBXResourcesBuildPhase;
			buildActionMask = 2147483647;
			files = (
				BA9F337C243B8EF5003599BB /* LaunchScreen.storyboard in Resources */,
				BA9F3379243B8EF5003599BB /* Assets.xcassets in Resources */,
				BA9F3377243B8EF3003599BB /* Main.storyboard in Resources */,
			);
			runOnlyForDeploymentPostprocessing = 0;
		};
/* End PBXResourcesBuildPhase section */

/* Begin PBXSourcesBuildPhase section */
		BA9F3368243B8EF3003599BB /* Sources */ = {
			isa = PBXSourcesBuildPhase;
			buildActionMask = 2147483647;
			files = (
				BA9F3374243B8EF3003599BB /* ViewController.swift in Sources */,
				BA9F3370243B8EF3003599BB /* AppDelegate.swift in Sources */,
				BA9F3372243B8EF3003599BB /* SceneDelegate.swift in Sources */,
			);
			runOnlyForDeploymentPostprocessing = 0;
		};
/* End PBXSourcesBuildPhase section */

/* Begin PBXVariantGroup section */
		BA9F3375243B8EF3003599BB /* Main.storyboard */ = {
			isa = PBXVariantGroup;
			children = (
				BA9F3376243B8EF3003599BB /* Base */,
			);
			name = Main.storyboard;
			sourceTree = "<group>";
		};
		BA9F337A243B8EF5003599BB /* LaunchScreen.storyboard */ = {
			isa = PBXVariantGroup;
			children = (
				BA9F337B243B8EF5003599BB /* Base */,
			);
			name = LaunchScreen.storyboard;
			sourceTree = "<group>";
		};
/* End PBXVariantGroup section */

/* Begin XCBuildConfiguration section */
		BA9F337E243B8EF5003599BB /* Debug */ = {
			isa = XCBuildConfiguration;
			buildSettings = {
				ALWAYS_SEARCH_USER_PATHS = NO;
				CLANG_ANALYZER_NONNULL = YES;
				CLANG_ANALYZER_NUMBER_OBJECT_CONVERSION = YES_AGGRESSIVE;
				CLANG_CXX_LANGUAGE_STANDARD = "gnu++14";
				CLANG_CXX_LIBRARY = "libc++";
				CLANG_ENABLE_MODULES = YES;
				CLANG_ENABLE_OBJC_ARC = YES;
				CLANG_ENABLE_OBJC_WEAK = YES;
				CLANG_WARN_BLOCK_CAPTURE_AUTORELEASING = YES;
				CLANG_WARN_BOOL_CONVERSION = YES;
				CLANG_WARN_COMMA = YES;
				CLANG_WARN_CONSTANT_CONVERSION = YES;
				CLANG_WARN_DEPRECATED_OBJC_IMPLEMENTATIONS = YES;
				CLANG_WARN_DIRECT_OBJC_ISA_USAGE = YES_ERROR;
				CLANG_WARN_DOCUMENTATION_COMMENTS = YES;
				CLANG_WARN_EMPTY_BODY = YES;
				CLANG_WARN_ENUM_CONVERSION = YES;
				CLANG_WARN_INFINITE_RECURSION = YES;
				CLANG_WARN_INT_CONVERSION = YES;
				CLANG_WARN_NON_LITERAL_NULL_CONVERSION = YES;
				CLANG_WARN_OBJC_IMPLICIT_RETAIN_SELF = YES;
				CLANG_WARN_OBJC_LITERAL_CONVERSION = YES;
				CLANG_WARN_OBJC_ROOT_CLASS = YES_ERROR;
				CLANG_WARN_RANGE_LOOP_ANALYSIS = YES;
				CLANG_WARN_STRICT_PROTOTYPES = YES;
				CLANG_WARN_SUSPICIOUS_MOVE = YES;
				CLANG_WARN_UNGUARDED_AVAILABILITY = YES_AGGRESSIVE;
				CLANG_WARN_UNREACHABLE_CODE = YES;
				CLANG_WARN__DUPLICATE_METHOD_MATCH = YES;
				COPY_PHASE_STRIP = NO;
				DEBUG_INFORMATION_FORMAT = dwarf;
				ENABLE_STRICT_OBJC_MSGSEND = YES;
				ENABLE_TESTABILITY = YES;
				GCC_C_LANGUAGE_STANDARD = gnu11;
				GCC_DYNAMIC_NO_PIC = NO;
				GCC_NO_COMMON_BLOCKS = YES;
				GCC_OPTIMIZATION_LEVEL = 0;
				GCC_PREPROCESSOR_DEFINITIONS = (
					"DEBUG=1",
					"$(inherited)",
				);
				GCC_WARN_64_TO_32_BIT_CONVERSION = YES;
				GCC_WARN_ABOUT_RETURN_TYPE = YES_ERROR;
				GCC_WARN_UNDECLARED_SELECTOR = YES;
				GCC_WARN_UNINITIALIZED_AUTOS = YES_AGGRESSIVE;
				GCC_WARN_UNUSED_FUNCTION = YES;
				GCC_WARN_UNUSED_VARIABLE = YES;
				IPHONEOS_DEPLOYMENT_TARGET = 13.4;
				MTL_ENABLE_DEBUG_INFO = INCLUDE_SOURCE;
				MTL_FAST_MATH = YES;
				ONLY_ACTIVE_ARCH = YES;
				SDKROOT = iphoneos;
				SWIFT_ACTIVE_COMPILATION_CONDITIONS = DEBUG;
				SWIFT_OPTIMIZATION_LEVEL = "-Onone";
			};
			name = Debug;
		};
		BA9F337F243B8EF5003599BB /* Release */ = {
			isa = XCBuildConfiguration;
			buildSettings = {
				ALWAYS_SEARCH_USER_PATHS = NO;
				CLANG_ANALYZER_NONNULL = YES;
				CLANG_ANALYZER_NUMBER_OBJECT_CONVERSION = YES_AGGRESSIVE;
				CLANG_CXX_LANGUAGE_STANDARD = "gnu++14";
				CLANG_CXX_LIBRARY = "libc++";
				CLANG_ENABLE_MODULES = YES;
				CLANG_ENABLE_OBJC_ARC = YES;
				CLANG_ENABLE_OBJC_WEAK = YES;
				CLANG_WARN_BLOCK_CAPTURE_AUTORELEASING = YES;
				CLANG_WARN_BOOL_CONVERSION = YES;
				CLANG_WARN_COMMA = YES;
				CLANG_WARN_CONSTANT_CONVERSION = YES;
				CLANG_WARN_DEPRECATED_OBJC_IMPLEMENTATIONS = YES;
				CLANG_WARN_DIRECT_OBJC_ISA_USAGE = YES_ERROR;
				CLANG_WARN_DOCUMENTATION_COMMENTS = YES;
				CLANG_WARN_EMPTY_BODY = YES;
				CLANG_WARN_ENUM_CONVERSION = YES;
				CLANG_WARN_INFINITE_RECURSION = YES;
				CLANG_WARN_INT_CONVERSION = YES;
				CLANG_WARN_NON_LITERAL_NULL_CONVERSION = YES;
				CLANG_WARN_OBJC_IMPLICIT_RETAIN_SELF = YES;
				CLANG_WARN_OBJC_LITERAL_CONVERSION = YES;
				CLANG_WARN_OBJC_ROOT_CLASS = YES_ERROR;
				CLANG_WARN_RANGE_LOOP_ANALYSIS = YES;
				CLANG_WARN_STRICT_PROTOTYPES = YES;
				CLANG_WARN_SUSPICIOUS_MOVE = YES;
				CLANG_WARN_UNGUARDED_AVAILABILITY = YES_AGGRESSIVE;
				CLANG_WARN_UNREACHABLE_CODE = YES;
				CLANG_WARN__DUPLICATE_METHOD_MATCH = YES;
				COPY_PHASE_STRIP = NO;
				DEBUG_INFORMATION_FORMAT = "dwarf-with-dsym";
				ENABLE_NS_ASSERTIONS = NO;
				ENABLE_STRICT_OBJC_MSGSEND = YES;
				GCC_C_LANGUAGE_STANDARD = gnu11;
				GCC_NO_COMMON_BLOCKS = YES;
				GCC_WARN_64_TO_32_BIT_CONVERSION = YES;
				GCC_WARN_ABOUT_RETURN_TYPE = YES_ERROR;
				GCC_WARN_UNDECLARED_SELECTOR = YES;
				GCC_WARN_UNINITIALIZED_AUTOS = YES_AGGRESSIVE;
				GCC_WARN_UNUSED_FUNCTION = YES;
				GCC_WARN_UNUSED_VARIABLE = YES;
				IPHONEOS_DEPLOYMENT_TARGET = 13.4;
				MTL_ENABLE_DEBUG_INFO = NO;
				MTL_FAST_MATH = YES;
				SDKROOT = iphoneos;
				SWIFT_COMPILATION_MODE = wholemodule;
				SWIFT_OPTIMIZATION_LEVEL = "-O";
				VALIDATE_PRODUCT = YES;
			};
			name = Release;
		};
		BA9F3381243B8EF5003599BB /* Debug */ = {
			isa = XCBuildConfiguration;
			buildSettings = {
				ASSETCATALOG_COMPILER_APPICON_NAME = AppIcon;
				CODE_SIGN_STYLE = Automatic;
				DEVELOPMENT_TEAM = 49N3E55H55;
				FRAMEWORK_SEARCH_PATHS = (
					"$(inherited)",
					"$(PROJECT_DIR)/Lib",
				);
				INFOPLIST_FILE = SampleIntegratorProj/Info.plist;
				LD_RUNPATH_SEARCH_PATHS = (
					"$(inherited)",
					"@executable_path/Frameworks",
				);
				PRODUCT_BUNDLE_IDENTIFIER = io.raavaanan.SampleIntegratorProj;
				PRODUCT_NAME = "$(TARGET_NAME)";
				SWIFT_VERSION = 5.0;
				TARGETED_DEVICE_FAMILY = "1,2";
			};
			name = Debug;
		};
		BA9F3382243B8EF5003599BB /* Release */ = {
			isa = XCBuildConfiguration;
			buildSettings = {
				ASSETCATALOG_COMPILER_APPICON_NAME = AppIcon;
				CODE_SIGN_STYLE = Automatic;
				DEVELOPMENT_TEAM = 49N3E55H55;
				FRAMEWORK_SEARCH_PATHS = (
					"$(inherited)",
					"$(PROJECT_DIR)/Lib",
				);
				INFOPLIST_FILE = SampleIntegratorProj/Info.plist;
				LD_RUNPATH_SEARCH_PATHS = (
					"$(inherited)",
					"@executable_path/Frameworks",
				);
				PRODUCT_BUNDLE_IDENTIFIER = io.raavaanan.SampleIntegratorProj;
				PRODUCT_NAME = "$(TARGET_NAME)";
				SWIFT_VERSION = 5.0;
				TARGETED_DEVICE_FAMILY = "1,2";
			};
			name = Release;
		};
/* End XCBuildConfiguration section */

/* Begin XCConfigurationList section */
		BA9F3367243B8EF3003599BB /* Build configuration list for PBXProject "SampleIntegratorProj" */ = {
			isa = XCConfigurationList;
			buildConfigurations = (
				BA9F337E243B8EF5003599BB /* Debug */,
				BA9F337F243B8EF5003599BB /* Release */,
			);
			defaultConfigurationIsVisible = 0;
			defaultConfigurationName = Release;
		};
		BA9F3380243B8EF5003599BB /* Build configuration list for PBXNativeTarget "SampleIntegratorProj" */ = {
			isa = XCConfigurationList;
			buildConfigurations = (
				BA9F3381243B8EF5003599BB /* Debug */,
				BA9F3382243B8EF5003599BB /* Release */,
			);
			defaultConfigurationIsVisible = 0;
			defaultConfigurationName = Release;
		};
/* End XCConfigurationList section */
	};
	rootObject = BA9F3364243B8EF3003599BB /* Project object */;
}
